
Microsoft Visual Studio Solution File, Format Version 12.00
# Visual Studio Version 17
VisualStudioVersion = 17.10.35004.147
MinimumVisualStudioVersion = 10.0.40219.1
Project("{9A19103F-16F7-4668-BE54-9A1E7A4F7556}") = "Seller.JournalEntries.Api", "Seller.JournalEntries.Api\Seller.JournalEntries.Api.csproj", "{FFC87CBD-548C-4D07-B0FA-7EC723671BED}"
EndProject
Project("{9A19103F-16F7-4668-BE54-9A1E7A4F7556}") = "Seller.JournalEntries.Application", "Seller.JournalEntries.Application\Seller.JournalEntries.Application.csproj", "{CFA89113-1D3C-4505-8C15-6A07067EDAB9}"
EndProject
Project("{9A19103F-16F7-4668-BE54-9A1E7A4F7556}") = "Seller.JournalEntries.Domain", "Seller.JournalEntries.Domain\Seller.JournalEntries.Domain.csproj", "{A27754C5-6D94-4D83-ABC4-CFD669E9CC11}"
EndProject
Project("{9A19103F-16F7-4668-BE54-9A1E7A4F7556}") = "Seller.JournalEntries.Infrastructure", "Seller.JournalEntries.Infrastructure\Seller.JournalEntries.Infrastructure.csproj", "{ACDF91B8-A14A-4848-B551-00FBEB9323AE}"
EndProject
Project("{2150E333-8FDC-42A3-9474-1A3956D46DE8}") = "Tests", "Tests", "{4DA8C192-03EB-48C7-9760-4277C816CCC7}"
EndProject
Project("{FAE04EC0-301F-11D3-BF4B-00C04F79EFBC}") = "Seller.JournalEntries.Application.Tests", "Seller.JournalEntries.Application.Tests\Seller.JournalEntries.Application.Tests.csproj", "{FBD5D19C-9AAE-420B-AB4C-B8933E1E6D42}"
EndProject
Global
	GlobalSection(SolutionConfigurationPlatforms) = preSolution
		Debug|Any CPU = Debug|Any CPU
		Release|Any CPU = Release|Any CPU
	EndGlobalSection
	GlobalSection(ProjectConfigurationPlatforms) = postSolution
		{FFC87CBD-548C-4D07-B0FA-7EC723671BED}.Debug|Any CPU.ActiveCfg = Debug|Any CPU
		{FFC87CBD-548C-4D07-B0FA-7EC723671BED}.Debug|Any CPU.Build.0 = Debug|Any CPU
		{FFC87CBD-548C-4D07-B0FA-7EC723671BED}.Release|Any CPU.ActiveCfg = Release|Any CPU
		{FFC87CBD-548C-4D07-B0FA-7EC723671BED}.Release|Any CPU.Build.0 = Release|Any CPU
		{CFA89113-1D3C-4505-8C15-6A07067EDAB9}.Debug|Any CPU.ActiveCfg = Debug|Any CPU
		{CFA89113-1D3C-4505-8C15-6A07067EDAB9}.Debug|Any CPU.Build.0 = Debug|Any CPU
		{CFA89113-1D3C-4505-8C15-6A07067EDAB9}.Release|Any CPU.ActiveCfg = Release|Any CPU
		{CFA89113-1D3C-4505-8C15-6A07067EDAB9}.Release|Any CPU.Build.0 = Release|Any CPU
		{A27754C5-6D94-4D83-ABC4-CFD669E9CC11}.Debug|Any CPU.ActiveCfg = Debug|Any CPU
		{A27754C5-6D94-4D83-ABC4-CFD669E9CC11}.Debug|Any CPU.Build.0 = Debug|Any CPU
		{A27754C5-6D94-4D83-ABC4-CFD669E9CC11}.Release|Any CPU.ActiveCfg = Release|Any CPU
		{A27754C5-6D94-4D83-ABC4-CFD669E9CC11}.Release|Any CPU.Build.0 = Release|Any CPU
		{ACDF91B8-A14A-4848-B551-00FBEB9323AE}.Debug|Any CPU.ActiveCfg = Debug|Any CPU
		{ACDF91B8-A14A-4848-B551-00FBEB9323AE}.Debug|Any CPU.Build.0 = Debug|Any CPU
		{ACDF91B8-A14A-4848-B551-00FBEB9323AE}.Release|Any CPU.ActiveCfg = Release|Any CPU
		{ACDF91B8-A14A-4848-B551-00FBEB9323AE}.Release|Any CPU.Build.0 = Release|Any CPU
		{FBD5D19C-9AAE-420B-AB4C-B8933E1E6D42}.Debug|Any CPU.ActiveCfg = Debug|Any CPU
		{FBD5D19C-9AAE-420B-AB4C-B8933E1E6D42}.Debug|Any CPU.Build.0 = Debug|Any CPU
		{FBD5D19C-9AAE-420B-AB4C-B8933E1E6D42}.Release|Any CPU.ActiveCfg = Release|Any CPU
		{FBD5D19C-9AAE-420B-AB4C-B8933E1E6D42}.Release|Any CPU.Build.0 = Release|Any CPU
	EndGlobalSection
	GlobalSection(SolutionProperties) = preSolution
		HideSolutionNode = FALSE
	EndGlobalSection
	GlobalSection(NestedProjects) = preSolution
		{FBD5D19C-9AAE-420B-AB4C-B8933E1E6D42} = {4DA8C192-03EB-48C7-9760-4277C816CCC7}
	EndGlobalSection
	GlobalSection(ExtensibilityGlobals) = postSolution
		SolutionGuid = {3F67DDB2-6E4B-47EC-8EA1-BFB48F2F8F80}
	EndGlobalSection
EndGlobal
